// !$*UTF8*$!
{
	archiveVersion = 1;
	classes = {
	};
	objectVersion = 50;
	objects = {

/* Begin PBXBuildFile section */
		C4C5E2C5261D145F00B2E4B3 /* AppDelegate.swift in Sources */ = {isa = PBXBuildFile; fileRef = C4C5E2C4261D145F00B2E4B3 /* AppDelegate.swift */; };
		C4C5E2C7261D145F00B2E4B3 /* SceneDelegate.swift in Sources */ = {isa = PBXBuildFile; fileRef = C4C5E2C6261D145F00B2E4B3 /* SceneDelegate.swift */; };
		C4C5E2C9261D145F00B2E4B3 /* ViewController.swift in Sources */ = {isa = PBXBuildFile; fileRef = C4C5E2C8261D145F00B2E4B3 /* ViewController.swift */; };
		C4C5E2CC261D145F00B2E4B3 /* Main.storyboard in Resources */ = {isa = PBXBuildFile; fileRef = C4C5E2CA261D145F00B2E4B3 /* Main.storyboard */; };
		C4C5E2CE261D145F00B2E4B3 /* Assets.xcassets in Resources */ = {isa = PBXBuildFile; fileRef = C4C5E2CD261D145F00B2E4B3 /* Assets.xcassets */; };
		C4C5E2D1261D145F00B2E4B3 /* LaunchScreen.storyboard in Resources */ = {isa = PBXBuildFile; fileRef = C4C5E2CF261D145F00B2E4B3 /* LaunchScreen.storyboard */; };
		C4C5E2DC261D145F00B2E4B3 /* DesafioPHITests.swift in Sources */ = {isa = PBXBuildFile; fileRef = C4C5E2DB261D145F00B2E4B3 /* DesafioPHITests.swift */; };
		C4C5E2E7261D145F00B2E4B3 /* DesafioPHIUITests.swift in Sources */ = {isa = PBXBuildFile; fileRef = C4C5E2E6261D145F00B2E4B3 /* DesafioPHIUITests.swift */; };
/* End PBXBuildFile section */

/* Begin PBXContainerItemProxy section */
		C4C5E2D8261D145F00B2E4B3 /* PBXContainerItemProxy */ = {
			isa = PBXContainerItemProxy;
			containerPortal = C4C5E2B9261D145E00B2E4B3 /* Project object */;
			proxyType = 1;
			remoteGlobalIDString = C4C5E2C0261D145E00B2E4B3;
			remoteInfo = DesafioPHI;
		};
		C4C5E2E3261D145F00B2E4B3 /* PBXContainerItemProxy */ = {
			isa = PBXContainerItemProxy;
			containerPortal = C4C5E2B9261D145E00B2E4B3 /* Project object */;
			proxyType = 1;
			remoteGlobalIDString = C4C5E2C0261D145E00B2E4B3;
			remoteInfo = DesafioPHI;
		};
/* End PBXContainerItemProxy section */

/* Begin PBXFileReference section */
		C4C5E2C1261D145E00B2E4B3 /* DesafioPHI.app */ = {isa = PBXFileReference; explicitFileType = wrapper.application; includeInIndex = 0; path = DesafioPHI.app; sourceTree = BUILT_PRODUCTS_DIR; };
		C4C5E2C4261D145F00B2E4B3 /* AppDelegate.swift */ = {isa = PBXFileReference; lastKnownFileType = sourcecode.swift; path = AppDelegate.swift; sourceTree = "<group>"; };
		C4C5E2C6261D145F00B2E4B3 /* SceneDelegate.swift */ = {isa = PBXFileReference; lastKnownFileType = sourcecode.swift; path = SceneDelegate.swift; sourceTree = "<group>"; };
		C4C5E2C8261D145F00B2E4B3 /* ViewController.swift */ = {isa = PBXFileReference; lastKnownFileType = sourcecode.swift; path = ViewController.swift; sourceTree = "<group>"; };
		C4C5E2CB261D145F00B2E4B3 /* Base */ = {isa = PBXFileReference; lastKnownFileType = file.storyboard; name = Base; path = Base.lproj/Main.storyboard; sourceTree = "<group>"; };
		C4C5E2CD261D145F00B2E4B3 /* Assets.xcassets */ = {isa = PBXFileReference; lastKnownFileType = folder.assetcatalog; path = Assets.xcassets; sourceTree = "<group>"; };
		C4C5E2D0261D145F00B2E4B3 /* Base */ = {isa = PBXFileReference; lastKnownFileType = file.storyboard; name = Base; path = Base.lproj/LaunchScreen.storyboard; sourceTree = "<group>"; };
		C4C5E2D2261D145F00B2E4B3 /* Info.plist */ = {isa = PBXFileReference; lastKnownFileType = text.plist.xml; path = Info.plist; sourceTree = "<group>"; };
		C4C5E2D7261D145F00B2E4B3 /* DesafioPHITests.xctest */ = {isa = PBXFileReference; explicitFileType = wrapper.cfbundle; includeInIndex = 0; path = DesafioPHITests.xctest; sourceTree = BUILT_PRODUCTS_DIR; };
		C4C5E2DB261D145F00B2E4B3 /* DesafioPHITests.swift */ = {isa = PBXFileReference; lastKnownFileType = sourcecode.swift; path = DesafioPHITests.swift; sourceTree = "<group>"; };
		C4C5E2DD261D145F00B2E4B3 /* Info.plist */ = {isa = PBXFileReference; lastKnownFileType = text.plist.xml; path = Info.plist; sourceTree = "<group>"; };
		C4C5E2E2261D145F00B2E4B3 /* DesafioPHIUITests.xctest */ = {isa = PBXFileReference; explicitFileType = wrapper.cfbundle; includeInIndex = 0; path = DesafioPHIUITests.xctest; sourceTree = BUILT_PRODUCTS_DIR; };
		C4C5E2E6261D145F00B2E4B3 /* DesafioPHIUITests.swift */ = {isa = PBXFileReference; lastKnownFileType = sourcecode.swift; path = DesafioPHIUITests.swift; sourceTree = "<group>"; };
		C4C5E2E8261D145F00B2E4B3 /* Info.plist */ = {isa = PBXFileReference; lastKnownFileType = text.plist.xml; path = Info.plist; sourceTree = "<group>"; };
/* End PBXFileReference section */

/* Begin PBXFrameworksBuildPhase section */
		C4C5E2BE261D145E00B2E4B3 /* Frameworks */ = {
			isa = PBXFrameworksBuildPhase;
			buildActionMask = 2147483647;
			files = (
			);
			runOnlyForDeploymentPostprocessing = 0;
		};
		C4C5E2D4261D145F00B2E4B3 /* Frameworks */ = {
			isa = PBXFrameworksBuildPhase;
			buildActionMask = 2147483647;
			files = (
			);
			runOnlyForDeploymentPostprocessing = 0;
		};
		C4C5E2DF261D145F00B2E4B3 /* Frameworks */ = {
			isa = PBXFrameworksBuildPhase;
			buildActionMask = 2147483647;
			files = (
			);
			runOnlyForDeploymentPostprocessing = 0;
		};
/* End PBXFrameworksBuildPhase section */

/* Begin PBXGroup section */
		C4C5E2B8261D145E00B2E4B3 = {
			isa = PBXGroup;
			children = (
				C4C5E2C3261D145F00B2E4B3 /* DesafioPHI */,
				C4C5E2DA261D145F00B2E4B3 /* DesafioPHITests */,
				C4C5E2E5261D145F00B2E4B3 /* DesafioPHIUITests */,
				C4C5E2C2261D145E00B2E4B3 /* Products */,
			);
			sourceTree = "<group>";
		};
		C4C5E2C2261D145E00B2E4B3 /* Products */ = {
			isa = PBXGroup;
			children = (
				C4C5E2C1261D145E00B2E4B3 /* DesafioPHI.app */,
				C4C5E2D7261D145F00B2E4B3 /* DesafioPHITests.xctest */,
				C4C5E2E2261D145F00B2E4B3 /* DesafioPHIUITests.xctest */,
			);
			name = Products;
			sourceTree = "<group>";
		};
		C4C5E2C3261D145F00B2E4B3 /* DesafioPHI */ = {
			isa = PBXGroup;
			children = (
				C4C5E2C4261D145F00B2E4B3 /* AppDelegate.swift */,
				C4C5E2C6261D145F00B2E4B3 /* SceneDelegate.swift */,
				C4C5E2C8261D145F00B2E4B3 /* ViewController.swift */,
				C4C5E2CA261D145F00B2E4B3 /* Main.storyboard */,
				C4C5E2CD261D145F00B2E4B3 /* Assets.xcassets */,
				C4C5E2CF261D145F00B2E4B3 /* LaunchScreen.storyboard */,
				C4C5E2D2261D145F00B2E4B3 /* Info.plist */,
			);
			path = DesafioPHI;
			sourceTree = "<group>";
		};
		C4C5E2DA261D145F00B2E4B3 /* DesafioPHITests */ = {
			isa = PBXGroup;
			children = (
				C4C5E2DB261D145F00B2E4B3 /* DesafioPHITests.swift */,
				C4C5E2DD261D145F00B2E4B3 /* Info.plist */,
			);
			path = DesafioPHITests;
			sourceTree = "<group>";
		};
		C4C5E2E5261D145F00B2E4B3 /* DesafioPHIUITests */ = {
			isa = PBXGroup;
			children = (
				C4C5E2E6261D145F00B2E4B3 /* DesafioPHIUITests.swift */,
				C4C5E2E8261D145F00B2E4B3 /* Info.plist */,
			);
			path = DesafioPHIUITests;
			sourceTree = "<group>";
		};
/* End PBXGroup section */

/* Begin PBXNativeTarget section */
		C4C5E2C0261D145E00B2E4B3 /* DesafioPHI */ = {
			isa = PBXNativeTarget;
			buildConfigurationList = C4C5E2EB261D145F00B2E4B3 /* Build configuration list for PBXNativeTarget "DesafioPHI" */;
			buildPhases = (
				C4C5E2BD261D145E00B2E4B3 /* Sources */,
				C4C5E2BE261D145E00B2E4B3 /* Frameworks */,
				C4C5E2BF261D145E00B2E4B3 /* Resources */,
			);
			buildRules = (
			);
			dependencies = (
			);
			name = DesafioPHI;
			productName = DesafioPHI;
			productReference = C4C5E2C1261D145E00B2E4B3 /* DesafioPHI.app */;
			productType = "com.apple.product-type.application";
		};
		C4C5E2D6261D145F00B2E4B3 /* DesafioPHITests */ = {
			isa = PBXNativeTarget;
			buildConfigurationList = C4C5E2EE261D145F00B2E4B3 /* Build configuration list for PBXNativeTarget "DesafioPHITests" */;
			buildPhases = (
				C4C5E2D3261D145F00B2E4B3 /* Sources */,
				C4C5E2D4261D145F00B2E4B3 /* Frameworks */,
				C4C5E2D5261D145F00B2E4B3 /* Resources */,
			);
			buildRules = (
			);
			dependencies = (
				C4C5E2D9261D145F00B2E4B3 /* PBXTargetDependency */,
			);
			name = DesafioPHITests;
			productName = DesafioPHITests;
			productReference = C4C5E2D7261D145F00B2E4B3 /* DesafioPHITests.xctest */;
			productType = "com.apple.product-type.bundle.unit-test";
		};
		C4C5E2E1261D145F00B2E4B3 /* DesafioPHIUITests */ = {
			isa = PBXNativeTarget;
			buildConfigurationList = C4C5E2F1261D145F00B2E4B3 /* Build configuration list for PBXNativeTarget "DesafioPHIUITests" */;
			buildPhases = (
				C4C5E2DE261D145F00B2E4B3 /* Sources */,
				C4C5E2DF261D145F00B2E4B3 /* Frameworks */,
				C4C5E2E0261D145F00B2E4B3 /* Resources */,
			);
			buildRules = (
			);
			dependencies = (
				C4C5E2E4261D145F00B2E4B3 /* PBXTargetDependency */,
			);
			name = DesafioPHIUITests;
			productName = DesafioPHIUITests;
			productReference = C4C5E2E2261D145F00B2E4B3 /* DesafioPHIUITests.xctest */;
			productType = "com.apple.product-type.bundle.ui-testing";
		};
/* End PBXNativeTarget section */

/* Begin PBXProject section */
		C4C5E2B9261D145E00B2E4B3 /* Project object */ = {
			isa = PBXProject;
			attributes = {
				LastSwiftUpdateCheck = 1240;
				LastUpgradeCheck = 1240;
				TargetAttributes = {
					C4C5E2C0261D145E00B2E4B3 = {
						CreatedOnToolsVersion = 12.4;
					};
					C4C5E2D6261D145F00B2E4B3 = {
						CreatedOnToolsVersion = 12.4;
						TestTargetID = C4C5E2C0261D145E00B2E4B3;
					};
					C4C5E2E1261D145F00B2E4B3 = {
						CreatedOnToolsVersion = 12.4;
						TestTargetID = C4C5E2C0261D145E00B2E4B3;
					};
				};
			};
			buildConfigurationList = C4C5E2BC261D145E00B2E4B3 /* Build configuration list for PBXProject "DesafioPHI" */;
			compatibilityVersion = "Xcode 9.3";
			developmentRegion = en;
			hasScannedForEncodings = 0;
			knownRegions = (
				en,
				Base,
			);
			mainGroup = C4C5E2B8261D145E00B2E4B3;
			productRefGroup = C4C5E2C2261D145E00B2E4B3 /* Products */;
			projectDirPath = "";
			projectRoot = "";
			targets = (
				C4C5E2C0261D145E00B2E4B3 /* DesafioPHI */,
				C4C5E2D6261D145F00B2E4B3 /* DesafioPHITests */,
				C4C5E2E1261D145F00B2E4B3 /* DesafioPHIUITests */,
			);
		};
/* End PBXProject section */

/* Begin PBXResourcesBuildPhase section */
		C4C5E2BF261D145E00B2E4B3 /* Resources */ = {
			isa = PBXResourcesBuildPhase;
			buildActionMask = 2147483647;
			files = (
				C4C5E2D1261D145F00B2E4B3 /* LaunchScreen.storyboard in Resources */,
				C4C5E2CE261D145F00B2E4B3 /* Assets.xcassets in Resources */,
				C4C5E2CC261D145F00B2E4B3 /* Main.storyboard in Resources */,
			);
			runOnlyForDeploymentPostprocessing = 0;
		};
		C4C5E2D5261D145F00B2E4B3 /* Resources */ = {
			isa = PBXResourcesBuildPhase;
			buildActionMask = 2147483647;
			files = (
			);
			runOnlyForDeploymentPostprocessing = 0;
		};
		C4C5E2E0261D145F00B2E4B3 /* Resources */ = {
			isa = PBXResourcesBuildPhase;
			buildActionMask = 2147483647;
			files = (
			);
			runOnlyForDeploymentPostprocessing = 0;
		};
/* End PBXResourcesBuildPhase section */

/* Begin PBXSourcesBuildPhase section */
		C4C5E2BD261D145E00B2E4B3 /* Sources */ = {
			isa = PBXSourcesBuildPhase;
			buildActionMask = 2147483647;
			files = (
				C4C5E2C9261D145F00B2E4B3 /* ViewController.swift in Sources */,
				C4C5E2C5261D145F00B2E4B3 /* AppDelegate.swift in Sources */,
				C4C5E2C7261D145F00B2E4B3 /* SceneDelegate.swift in Sources */,
			);
			runOnlyForDeploymentPostprocessing = 0;
		};
		C4C5E2D3261D145F00B2E4B3 /* Sources */ = {
			isa = PBXSourcesBuildPhase;
			buildActionMask = 2147483647;
			files = (
				C4C5E2DC261D145F00B2E4B3 /* DesafioPHITests.swift in Sources */,
			);
			runOnlyForDeploymentPostprocessing = 0;
		};
		C4C5E2DE261D145F00B2E4B3 /* Sources */ = {
			isa = PBXSourcesBuildPhase;
			buildActionMask = 2147483647;
			files = (
				C4C5E2E7261D145F00B2E4B3 /* DesafioPHIUITests.swift in Sources */,
			);
			runOnlyForDeploymentPostprocessing = 0;
		};
/* End PBXSourcesBuildPhase section */

/* Begin PBXTargetDependency section */
		C4C5E2D9261D145F00B2E4B3 /* PBXTargetDependency */ = {
			isa = PBXTargetDependency;
			target = C4C5E2C0261D145E00B2E4B3 /* DesafioPHI */;
			targetProxy = C4C5E2D8261D145F00B2E4B3 /* PBXContainerItemProxy */;
		};
		C4C5E2E4261D145F00B2E4B3 /* PBXTargetDependency */ = {
			isa = PBXTargetDependency;
			target = C4C5E2C0261D145E00B2E4B3 /* DesafioPHI */;
			targetProxy = C4C5E2E3261D145F00B2E4B3 /* PBXContainerItemProxy */;
		};
/* End PBXTargetDependency section */

/* Begin PBXVariantGroup section */
		C4C5E2CA261D145F00B2E4B3 /* Main.storyboard */ = {
			isa = PBXVariantGroup;
			children = (
				C4C5E2CB261D145F00B2E4B3 /* Base */,
			);
			name = Main.storyboard;
			sourceTree = "<group>";
		};
		C4C5E2CF261D145F00B2E4B3 /* LaunchScreen.storyboard */ = {
			isa = PBXVariantGroup;
			children = (
				C4C5E2D0261D145F00B2E4B3 /* Base */,
			);
			name = LaunchScreen.storyboard;
			sourceTree = "<group>";
		};
/* End PBXVariantGroup section */

/* Begin XCBuildConfiguration section */
		C4C5E2E9261D145F00B2E4B3 /* Debug */ = {
			isa = XCBuildConfiguration;
			buildSettings = {
				ALWAYS_SEARCH_USER_PATHS = NO;
				CLANG_ANALYZER_NONNULL = YES;
				CLANG_ANALYZER_NUMBER_OBJECT_CONVERSION = YES_AGGRESSIVE;
				CLANG_CXX_LANGUAGE_STANDARD = "gnu++14";
				CLANG_CXX_LIBRARY = "libc++";
				CLANG_ENABLE_MODULES = YES;
				CLANG_ENABLE_OBJC_ARC = YES;
				CLANG_ENABLE_OBJC_WEAK = YES;
				CLANG_WARN_BLOCK_CAPTURE_AUTORELEASING = YES;
				CLANG_WARN_BOOL_CONVERSION = YES;
				CLANG_WARN_COMMA = YES;
				CLANG_WARN_CONSTANT_CONVERSION = YES;
				CLANG_WARN_DEPRECATED_OBJC_IMPLEMENTATIONS = YES;
				CLANG_WARN_DIRECT_OBJC_ISA_USAGE = YES_ERROR;
				CLANG_WARN_DOCUMENTATION_COMMENTS = YES;
				CLANG_WARN_EMPTY_BODY = YES;
				CLANG_WARN_ENUM_CONVERSION = YES;
				CLANG_WARN_INFINITE_RECURSION = YES;
				CLANG_WARN_INT_CONVERSION = YES;
				CLANG_WARN_NON_LITERAL_NULL_CONVERSION = YES;
				CLANG_WARN_OBJC_IMPLICIT_RETAIN_SELF = YES;
				CLANG_WARN_OBJC_LITERAL_CONVERSION = YES;
				CLANG_WARN_OBJC_ROOT_CLASS = YES_ERROR;
				CLANG_WARN_QUOTED_INCLUDE_IN_FRAMEWORK_HEADER = YES;
				CLANG_WARN_RANGE_LOOP_ANALYSIS = YES;
				CLANG_WARN_STRICT_PROTOTYPES = YES;
				CLANG_WARN_SUSPICIOUS_MOVE = YES;
				CLANG_WARN_UNGUARDED_AVAILABILITY = YES_AGGRESSIVE;
				CLANG_WARN_UNREACHABLE_CODE = YES;
				CLANG_WARN__DUPLICATE_METHOD_MATCH = YES;
				COPY_PHASE_STRIP = NO;
				DEBUG_INFORMATION_FORMAT = dwarf;
				ENABLE_STRICT_OBJC_MSGSEND = YES;
				ENABLE_TESTABILITY = YES;
				GCC_C_LANGUAGE_STANDARD = gnu11;
				GCC_DYNAMIC_NO_PIC = NO;
				GCC_NO_COMMON_BLOCKS = YES;
				GCC_OPTIMIZATION_LEVEL = 0;
				GCC_PREPROCESSOR_DEFINITIONS = (
					"DEBUG=1",
					"$(inherited)",
				);
				GCC_WARN_64_TO_32_BIT_CONVERSION = YES;
				GCC_WARN_ABOUT_RETURN_TYPE = YES_ERROR;
				GCC_WARN_UNDECLARED_SELECTOR = YES;
				GCC_WARN_UNINITIALIZED_AUTOS = YES_AGGRESSIVE;
				GCC_WARN_UNUSED_FUNCTION = YES;
				GCC_WARN_UNUSED_VARIABLE = YES;
				IPHONEOS_DEPLOYMENT_TARGET = 14.4;
				MTL_ENABLE_DEBUG_INFO = INCLUDE_SOURCE;
				MTL_FAST_MATH = YES;
				ONLY_ACTIVE_ARCH = YES;
				SDKROOT = iphoneos;
				SWIFT_ACTIVE_COMPILATION_CONDITIONS = DEBUG;
				SWIFT_OPTIMIZATION_LEVEL = "-Onone";
			};
			name = Debug;
		};
		C4C5E2EA261D145F00B2E4B3 /* Release */ = {
			isa = XCBuildConfiguration;
			buildSettings = {
				ALWAYS_SEARCH_USER_PATHS = NO;
				CLANG_ANALYZER_NONNULL = YES;
				CLANG_ANALYZER_NUMBER_OBJECT_CONVERSION = YES_AGGRESSIVE;
				CLANG_CXX_LANGUAGE_STANDARD = "gnu++14";
				CLANG_CXX_LIBRARY = "libc++";
				CLANG_ENABLE_MODULES = YES;
				CLANG_ENABLE_OBJC_ARC = YES;
				CLANG_ENABLE_OBJC_WEAK = YES;
				CLANG_WARN_BLOCK_CAPTURE_AUTORELEASING = YES;
				CLANG_WARN_BOOL_CONVERSION = YES;
				CLANG_WARN_COMMA = YES;
				CLANG_WARN_CONSTANT_CONVERSION = YES;
				CLANG_WARN_DEPRECATED_OBJC_IMPLEMENTATIONS = YES;
				CLANG_WARN_DIRECT_OBJC_ISA_USAGE = YES_ERROR;
				CLANG_WARN_DOCUMENTATION_COMMENTS = YES;
				CLANG_WARN_EMPTY_BODY = YES;
				CLANG_WARN_ENUM_CONVERSION = YES;
				CLANG_WARN_INFINITE_RECURSION = YES;
				CLANG_WARN_INT_CONVERSION = YES;
				CLANG_WARN_NON_LITERAL_NULL_CONVERSION = YES;
				CLANG_WARN_OBJC_IMPLICIT_RETAIN_SELF = YES;
				CLANG_WARN_OBJC_LITERAL_CONVERSION = YES;
				CLANG_WARN_OBJC_ROOT_CLASS = YES_ERROR;
				CLANG_WARN_QUOTED_INCLUDE_IN_FRAMEWORK_HEADER = YES;
				CLANG_WARN_RANGE_LOOP_ANALYSIS = YES;
				CLANG_WARN_STRICT_PROTOTYPES = YES;
				CLANG_WARN_SUSPICIOUS_MOVE = YES;
				CLANG_WARN_UNGUARDED_AVAILABILITY = YES_AGGRESSIVE;
				CLANG_WARN_UNREACHABLE_CODE = YES;
				CLANG_WARN__DUPLICATE_METHOD_MATCH = YES;
				COPY_PHASE_STRIP = NO;
				DEBUG_INFORMATION_FORMAT = "dwarf-with-dsym";
				ENABLE_NS_ASSERTIONS = NO;
				ENABLE_STRICT_OBJC_MSGSEND = YES;
				GCC_C_LANGUAGE_STANDARD = gnu11;
				GCC_NO_COMMON_BLOCKS = YES;
				GCC_WARN_64_TO_32_BIT_CONVERSION = YES;
				GCC_WARN_ABOUT_RETURN_TYPE = YES_ERROR;
				GCC_WARN_UNDECLARED_SELECTOR = YES;
				GCC_WARN_UNINITIALIZED_AUTOS = YES_AGGRESSIVE;
				GCC_WARN_UNUSED_FUNCTION = YES;
				GCC_WARN_UNUSED_VARIABLE = YES;
				IPHONEOS_DEPLOYMENT_TARGET = 14.4;
				MTL_ENABLE_DEBUG_INFO = NO;
				MTL_FAST_MATH = YES;
				SDKROOT = iphoneos;
				SWIFT_COMPILATION_MODE = wholemodule;
				SWIFT_OPTIMIZATION_LEVEL = "-O";
				VALIDATE_PRODUCT = YES;
			};
			name = Release;
		};
		C4C5E2EC261D145F00B2E4B3 /* Debug */ = {
			isa = XCBuildConfiguration;
			buildSettings = {
				ASSETCATALOG_COMPILER_APPICON_NAME = AppIcon;
				ASSETCATALOG_COMPILER_GLOBAL_ACCENT_COLOR_NAME = AccentColor;
				CODE_SIGN_STYLE = Automatic;
				INFOPLIST_FILE = DesafioPHI/Info.plist;
				LD_RUNPATH_SEARCH_PATHS = (
					"$(inherited)",
					"@executable_path/Frameworks",
				);
				PRODUCT_BUNDLE_IDENTIFIER = com.joaomendonca.DesafioPHI;
				PRODUCT_NAME = "$(TARGET_NAME)";
				SWIFT_VERSION = 5.0;
				TARGETED_DEVICE_FAMILY = "1,2";
			};
			name = Debug;
		};
		C4C5E2ED261D145F00B2E4B3 /* Release */ = {
			isa = XCBuildConfiguration;
			buildSettings = {
				ASSETCATALOG_COMPILER_APPICON_NAME = AppIcon;
				ASSETCATALOG_COMPILER_GLOBAL_ACCENT_COLOR_NAME = AccentColor;
				CODE_SIGN_STYLE = Automatic;
				INFOPLIST_FILE = DesafioPHI/Info.plist;
				LD_RUNPATH_SEARCH_PATHS = (
					"$(inherited)",
					"@executable_path/Frameworks",
				);
				PRODUCT_BUNDLE_IDENTIFIER = com.joaomendonca.DesafioPHI;
				PRODUCT_NAME = "$(TARGET_NAME)";
				SWIFT_VERSION = 5.0;
				TARGETED_DEVICE_FAMILY = "1,2";
			};
			name = Release;
		};
		C4C5E2EF261D145F00B2E4B3 /* Debug */ = {
			isa = XCBuildConfiguration;
			buildSettings = {
				ALWAYS_EMBED_SWIFT_STANDARD_LIBRARIES = YES;
				BUNDLE_LOADER = "$(TEST_HOST)";
				CODE_SIGN_STYLE = Automatic;
				INFOPLIST_FILE = DesafioPHITests/Info.plist;
				IPHONEOS_DEPLOYMENT_TARGET = 14.4;
				LD_RUNPATH_SEARCH_PATHS = (
					"$(inherited)",
					"@executable_path/Frameworks",
					"@loader_path/Frameworks",
				);
				PRODUCT_BUNDLE_IDENTIFIER = com.joaomendonca.DesafioPHITests;
				PRODUCT_NAME = "$(TARGET_NAME)";
				SWIFT_VERSION = 5.0;
				TARGETED_DEVICE_FAMILY = "1,2";
				TEST_HOST = "$(BUILT_PRODUCTS_DIR)/DesafioPHI.app/DesafioPHI";
			};
			name = Debug;
		};
		C4C5E2F0261D145F00B2E4B3 /* Release */ = {
			isa = XCBuildConfiguration;
			buildSettings = {
				ALWAYS_EMBED_SWIFT_STANDARD_LIBRARIES = YES;
				BUNDLE_LOADER = "$(TEST_HOST)";
				CODE_SIGN_STYLE = Automatic;
				INFOPLIST_FILE = DesafioPHITests/Info.plist;
				IPHONEOS_DEPLOYMENT_TARGET = 14.4;
				LD_RUNPATH_SEARCH_PATHS = (
					"$(inherited)",
					"@executable_path/Frameworks",
					"@loader_path/Frameworks",
				);
				PRODUCT_BUNDLE_IDENTIFIER = com.joaomendonca.DesafioPHITests;
				PRODUCT_NAME = "$(TARGET_NAME)";
				SWIFT_VERSION = 5.0;
				TARGETED_DEVICE_FAMILY = "1,2";
				TEST_HOST = "$(BUILT_PRODUCTS_DIR)/DesafioPHI.app/DesafioPHI";
			};
			name = Release;
		};
		C4C5E2F2261D145F00B2E4B3 /* Debug */ = {
			isa = XCBuildConfiguration;
			buildSettings = {
				ALWAYS_EMBED_SWIFT_STANDARD_LIBRARIES = YES;
				CODE_SIGN_STYLE = Automatic;
				INFOPLIST_FILE = DesafioPHIUITests/Info.plist;
				LD_RUNPATH_SEARCH_PATHS = (
					"$(inherited)",
					"@executable_path/Frameworks",
					"@loader_path/Frameworks",
				);
				PRODUCT_BUNDLE_IDENTIFIER = com.joaomendonca.DesafioPHIUITests;
				PRODUCT_NAME = "$(TARGET_NAME)";
				SWIFT_VERSION = 5.0;
				TARGETED_DEVICE_FAMILY = "1,2";
				TEST_TARGET_NAME = DesafioPHI;
			};
			name = Debug;
		};
		C4C5E2F3261D145F00B2E4B3 /* Release */ = {
			isa = XCBuildConfiguration;
			buildSettings = {
				ALWAYS_EMBED_SWIFT_STANDARD_LIBRARIES = YES;
				CODE_SIGN_STYLE = Automatic;
				INFOPLIST_FILE = DesafioPHIUITests/Info.plist;
				LD_RUNPATH_SEARCH_PATHS = (
					"$(inherited)",
					"@executable_path/Frameworks",
					"@loader_path/Frameworks",
				);
				PRODUCT_BUNDLE_IDENTIFIER = com.joaomendonca.DesafioPHIUITests;
				PRODUCT_NAME = "$(TARGET_NAME)";
				SWIFT_VERSION = 5.0;
				TARGETED_DEVICE_FAMILY = "1,2";
				TEST_TARGET_NAME = DesafioPHI;
			};
			name = Release;
		};
/* End XCBuildConfiguration section */

/* Begin XCConfigurationList section */
		C4C5E2BC261D145E00B2E4B3 /* Build configuration list for PBXProject "DesafioPHI" */ = {
			isa = XCConfigurationList;
			buildConfigurations = (
				C4C5E2E9261D145F00B2E4B3 /* Debug */,
				C4C5E2EA261D145F00B2E4B3 /* Release */,
			);
			defaultConfigurationIsVisible = 0;
			defaultConfigurationName = Release;
		};
		C4C5E2EB261D145F00B2E4B3 /* Build configuration list for PBXNativeTarget "DesafioPHI" */ = {
			isa = XCConfigurationList;
			buildConfigurations = (
				C4C5E2EC261D145F00B2E4B3 /* Debug */,
				C4C5E2ED261D145F00B2E4B3 /* Release */,
			);
			defaultConfigurationIsVisible = 0;
			defaultConfigurationName = Release;
		};
		C4C5E2EE261D145F00B2E4B3 /* Build configuration list for PBXNativeTarget "DesafioPHITests" */ = {
			isa = XCConfigurationList;
			buildConfigurations = (
				C4C5E2EF261D145F00B2E4B3 /* Debug */,
				C4C5E2F0261D145F00B2E4B3 /* Release */,
			);
			defaultConfigurationIsVisible = 0;
			defaultConfigurationName = Release;
		};
		C4C5E2F1261D145F00B2E4B3 /* Build configuration list for PBXNativeTarget "DesafioPHIUITests" */ = {
			isa = XCConfigurationList;
			buildConfigurations = (
				C4C5E2F2261D145F00B2E4B3 /* Debug */,
				C4C5E2F3261D145F00B2E4B3 /* Release */,
			);
			defaultConfigurationIsVisible = 0;
			defaultConfigurationName = Release;
		};
/* End XCConfigurationList section */
	};
	rootObject = C4C5E2B9261D145E00B2E4B3 /* Project object */;
}
